# THIS IS AN AUTOGENERATED FILE. DO NOT EDIT THIS FILE DIRECTLY.
# yarn lockfile v1


"@aashutoshrathi/word-wrap@^1.2.3":
  version "1.2.6"

"@alloc/quick-lru@^5.2.0":
  version "5.2.0"

"@babel/parser@^7.20.15", "@babel/parser@^7.21.3":
  version "7.22.7"

"@esbuild/darwin-x64@0.18.19":
  version "0.18.19"

"@eslint-community/eslint-utils@^4.2.0", "@eslint-community/eslint-utils@^4.4.0":
  version "4.4.0"
  dependencies:
    eslint-visitor-keys "^3.3.0"

"@eslint-community/regexpp@^4.6.1":
  version "4.6.2"

"@eslint/eslintrc@^2.1.1":
  version "2.1.1"
  dependencies:
    ajv "^6.12.4"
    debug "^4.3.2"
    espree "^9.6.0"
    globals "^13.19.0"
    ignore "^5.2.0"
    import-fresh "^3.2.1"
    js-yaml "^4.1.0"
    minimatch "^3.1.2"
    strip-json-comments "^3.1.1"

"@eslint/js@^8.46.0":
  version "8.46.0"

"@heroicons/vue@^2.0.18":
  version "2.0.18"

"@humanwhocodes/config-array@^0.11.10":
  version "0.11.10"
  dependencies:
    "@humanwhocodes/object-schema" "^1.2.1"
    debug "^4.1.1"
    minimatch "^3.0.5"

"@humanwhocodes/module-importer@^1.0.1":
  version "1.0.1"

"@humanwhocodes/object-schema@^1.2.1":
  version "1.2.1"

"@jest/schemas@^29.6.0":
  version "29.6.0"
  dependencies:
    "@sinclair/typebox" "^0.27.8"

"@jridgewell/gen-mapping@^0.3.2":
  version "0.3.3"
  dependencies:
    "@jridgewell/set-array" "^1.0.1"
    "@jridgewell/sourcemap-codec" "^1.4.10"
    "@jridgewell/trace-mapping" "^0.3.9"

"@jridgewell/resolve-uri@3.1.0":
  version "3.1.0"

"@jridgewell/set-array@^1.0.1":
  version "1.1.2"

"@jridgewell/sourcemap-codec@^1.4.10", "@jridgewell/sourcemap-codec@^1.4.15":
  version "1.4.15"

"@jridgewell/sourcemap-codec@1.4.14":
  version "1.4.14"

"@jridgewell/trace-mapping@^0.3.9":
  version "0.3.18"
  dependencies:
    "@jridgewell/resolve-uri" "3.1.0"
    "@jridgewell/sourcemap-codec" "1.4.14"

"@nodelib/fs.scandir@2.1.5":
  version "2.1.5"
  dependencies:
    "@nodelib/fs.stat" "2.0.5"
    run-parallel "^1.1.9"

"@nodelib/fs.stat@^2.0.2", "@nodelib/fs.stat@2.0.5":
  version "2.0.5"

"@nodelib/fs.walk@^1.2.3", "@nodelib/fs.walk@^1.2.8":
  version "1.2.8"
  dependencies:
    "@nodelib/fs.scandir" "2.1.5"
    fastq "^1.6.0"

"@one-ini/wasm@0.1.1":
  version "0.1.1"

"@pkgr/utils@^2.3.1":
  version "2.4.2"
  dependencies:
    cross-spawn "^7.0.3"
    fast-glob "^3.3.0"
    is-glob "^4.0.3"
    open "^9.1.0"
    picocolors "^1.0.0"
    tslib "^2.6.0"

"@rushstack/eslint-patch@^1.3.2":
  version "1.3.2"

"@sinclair/typebox@^0.27.8":
  version "0.27.8"

"@tailwindcss/forms@^0.5.4":
  version "0.5.4"
  dependencies:
    mini-svg-data-uri "^1.2.3"

"@tailwindcss/typography@^0.5.9":
  version "0.5.9"
  dependencies:
    lodash.castarray "^4.4.0"
    lodash.isplainobject "^4.0.6"
    lodash.merge "^4.6.2"
    postcss-selector-parser "6.0.10"

"@tootallnate/once@2":
  version "2.0.0"

"@types/chai-subset@^1.3.3":
  version "1.3.3"
  dependencies:
    "@types/chai" "*"

"@types/chai@*", "@types/chai@^4.3.5":
  version "4.3.5"

"@types/node@*", "@types/node@>= 14":
  version "20.4.8"

"@types/web-bluetooth@^0.0.18":
  version "0.0.18"
  resolved "https://registry.npmjs.org/@types/web-bluetooth/-/web-bluetooth-0.0.18.tgz"
  integrity sha512-v/ZHEj9xh82usl8LMR3GarzFY1IrbXJw5L4QfQhokjRV91q+SelFqxQWSep1ucXEZ22+dSTwLFkXeur25sPIbw==

"@vitejs/plugin-vue@^4.2.3":
  version "4.2.3"

"@vitest/expect@0.34.1":
  version "0.34.1"
  dependencies:
    "@vitest/spy" "0.34.1"
    "@vitest/utils" "0.34.1"
    chai "^4.3.7"

"@vitest/runner@0.34.1":
  version "0.34.1"
  dependencies:
    "@vitest/utils" "0.34.1"
    p-limit "^4.0.0"
    pathe "^1.1.1"

"@vitest/snapshot@0.34.1":
  version "0.34.1"
  dependencies:
    magic-string "^0.30.1"
    pathe "^1.1.1"
    pretty-format "^29.5.0"

"@vitest/spy@0.34.1":
  version "0.34.1"
  dependencies:
    tinyspy "^2.1.1"

"@vitest/utils@0.34.1":
  version "0.34.1"
  dependencies:
    diff-sequences "^29.4.3"
    loupe "^2.3.6"
    pretty-format "^29.5.0"

"@vue/compiler-core@3.3.4":
  version "3.3.4"
  dependencies:
    "@babel/parser" "^7.21.3"
    "@vue/shared" "3.3.4"
    estree-walker "^2.0.2"
    source-map-js "^1.0.2"

"@vue/compiler-dom@3.3.4":
  version "3.3.4"
  dependencies:
    "@vue/compiler-core" "3.3.4"
    "@vue/shared" "3.3.4"

"@vue/compiler-sfc@3.3.4":
  version "3.3.4"
  dependencies:
    "@babel/parser" "^7.20.15"
    "@vue/compiler-core" "3.3.4"
    "@vue/compiler-dom" "3.3.4"
    "@vue/compiler-ssr" "3.3.4"
    "@vue/reactivity-transform" "3.3.4"
    "@vue/shared" "3.3.4"
    estree-walker "^2.0.2"
    magic-string "^0.30.0"
    postcss "^8.1.10"
    source-map-js "^1.0.2"

"@vue/compiler-ssr@3.3.4":
  version "3.3.4"
  dependencies:
    "@vue/compiler-dom" "3.3.4"
    "@vue/shared" "3.3.4"

"@vue/eslint-config-prettier@^8.0.0":
  version "8.0.0"
  dependencies:
    eslint-config-prettier "^8.8.0"
    eslint-plugin-prettier "^5.0.0"

"@vue/reactivity-transform@3.3.4":
  version "3.3.4"
  dependencies:
    "@babel/parser" "^7.20.15"
    "@vue/compiler-core" "3.3.4"
    "@vue/shared" "3.3.4"
    estree-walker "^2.0.2"
    magic-string "^0.30.0"

"@vue/reactivity@3.3.4":
  version "3.3.4"
  dependencies:
    "@vue/shared" "3.3.4"

"@vue/runtime-core@3.3.4":
  version "3.3.4"
  dependencies:
    "@vue/reactivity" "3.3.4"
    "@vue/shared" "3.3.4"

"@vue/runtime-dom@3.3.4":
  version "3.3.4"
  dependencies:
    "@vue/runtime-core" "3.3.4"
    "@vue/shared" "3.3.4"
    csstype "^3.1.1"

"@vue/server-renderer@^3.0.1", "@vue/server-renderer@3.3.4":
  version "3.3.4"
  dependencies:
    "@vue/compiler-ssr" "3.3.4"
    "@vue/shared" "3.3.4"

"@vue/shared@3.3.4":
  version "3.3.4"

"@vue/test-utils@^2.4.1":
  version "2.4.1"
  dependencies:
    js-beautify "1.14.9"
    vue-component-type-helpers "1.8.4"

"@vueuse/core@10.5.0":
  version "10.5.0"
  resolved "https://registry.npmjs.org/@vueuse/core/-/core-10.5.0.tgz"
  integrity sha512-z/tI2eSvxwLRjOhDm0h/SXAjNm8N5ld6/SC/JQs6o6kpJ6Ya50LnEL8g5hoYu005i28L0zqB5L5yAl8Jl26K3A==
  dependencies:
    "@types/web-bluetooth" "^0.0.18"
    "@vueuse/metadata" "10.5.0"
    "@vueuse/shared" "10.5.0"
    vue-demi ">=0.14.6"

"@vueuse/metadata@10.5.0":
  version "10.5.0"
  resolved "https://registry.npmjs.org/@vueuse/metadata/-/metadata-10.5.0.tgz"
  integrity sha512-fEbElR+MaIYyCkeM0SzWkdoMtOpIwO72x8WsZHRE7IggiOlILttqttM69AS13nrDxosnDBYdyy3C5mR1LCxHsw==

"@vueuse/shared@10.5.0":
  version "10.5.0"
  resolved "https://registry.npmjs.org/@vueuse/shared/-/shared-10.5.0.tgz"
  integrity sha512-18iyxbbHYLst9MqU1X1QNdMHIjks6wC7XTVf0KNOv5es/Ms6gjVFCAAWTVP2JStuGqydg3DT+ExpFORUEi9yhg==
  dependencies:
    vue-demi ">=0.14.6"

abab@^2.0.6:
  version "2.0.6"

abbrev@^1.0.0:
  version "1.1.1"

acorn-jsx@^5.3.2:
  version "5.3.2"

acorn-walk@^8.2.0:
  version "8.2.0"

"acorn@^6.0.0 || ^7.0.0 || ^8.0.0", acorn@^8.10.0, acorn@^8.9.0:
  version "8.10.0"

agent-base@6:
  version "6.0.2"
  dependencies:
    debug "4"

ajv@^6.12.4:
  version "6.12.6"
  dependencies:
    fast-deep-equal "^3.1.1"
    fast-json-stable-stringify "^2.0.0"
    json-schema-traverse "^0.4.1"
    uri-js "^4.2.2"

ansi-regex@^5.0.1:
  version "5.0.1"

ansi-styles@^4.1.0:
  version "4.3.0"
  dependencies:
    color-convert "^2.0.1"

ansi-styles@^5.0.0:
  version "5.2.0"

any-promise@^1.0.0:
  version "1.3.0"

anymatch@~3.1.2:
  version "3.1.3"
  dependencies:
    normalize-path "^3.0.0"
    picomatch "^2.0.4"

arg@^5.0.2:
  version "5.0.2"

argparse@^2.0.1:
  version "2.0.1"

assertion-error@^1.1.0:
  version "1.1.0"

asynckit@^0.4.0:
  version "0.4.0"

autoprefixer@^10.4.14:
  version "10.4.14"
  dependencies:
    browserslist "^4.21.5"
    caniuse-lite "^1.0.30001464"
    fraction.js "^4.2.0"
    normalize-range "^0.1.2"
    picocolors "^1.0.0"
    postcss-value-parser "^4.2.0"

axios@^1.4.0:
  version "1.4.0"
  dependencies:
    follow-redirects "^1.15.0"
    form-data "^4.0.0"
    proxy-from-env "^1.1.0"

balanced-match@^1.0.0:
  version "1.0.2"

big-integer@^1.6.44:
  version "1.6.51"

binary-extensions@^2.0.0:
  version "2.2.0"

boolbase@^1.0.0:
  version "1.0.0"

bplist-parser@^0.2.0:
  version "0.2.0"
  dependencies:
    big-integer "^1.6.44"

brace-expansion@^1.1.7:
  version "1.1.11"
  dependencies:
    balanced-match "^1.0.0"
    concat-map "0.0.1"

brace-expansion@^2.0.1:
  version "2.0.1"
  dependencies:
    balanced-match "^1.0.0"

braces@^3.0.2, braces@~3.0.2:
  version "3.0.2"
  dependencies:
    fill-range "^7.0.1"

browserslist@^4.21.5, "browserslist@>= 4.21.0":
  version "4.21.10"
  dependencies:
    caniuse-lite "^1.0.30001517"
    electron-to-chromium "^1.4.477"
    node-releases "^2.0.13"
    update-browserslist-db "^1.0.11"

bundle-name@^3.0.0:
  version "3.0.0"
  dependencies:
    run-applescript "^5.0.0"

cac@^6.7.14:
  version "6.7.14"

callsites@^3.0.0:
  version "3.1.0"

camelcase-css@^2.0.1:
  version "2.0.1"

caniuse-lite@^1.0.30001464, caniuse-lite@^1.0.30001517:
  version "1.0.30001519"

chai@^4.3.7:
  version "4.3.7"
  dependencies:
    assertion-error "^1.1.0"
    check-error "^1.0.2"
    deep-eql "^4.1.2"
    get-func-name "^2.0.0"
    loupe "^2.3.1"
    pathval "^1.1.1"
    type-detect "^4.0.5"

chalk@^4.0.0:
  version "4.1.2"
  dependencies:
    ansi-styles "^4.1.0"
    supports-color "^7.1.0"

check-error@^1.0.2:
  version "1.0.2"

chokidar@^3.5.3:
  version "3.5.3"
  dependencies:
    anymatch "~3.1.2"
    braces "~3.0.2"
    glob-parent "~5.1.2"
    is-binary-path "~2.1.0"
    is-glob "~4.0.1"
    normalize-path "~3.0.0"
    readdirp "~3.6.0"
  optionalDependencies:
    fsevents "~2.3.2"

color-convert@^2.0.1:
  version "2.0.1"
  dependencies:
    color-name "~1.1.4"

color-name@~1.1.4:
  version "1.1.4"

combined-stream@^1.0.8:
  version "1.0.8"
  dependencies:
    delayed-stream "~1.0.0"

commander@^10.0.0:
  version "10.0.1"

commander@^4.0.0:
  version "4.1.1"

concat-map@0.0.1:
  version "0.0.1"

config-chain@^1.1.13:
  version "1.1.13"
  dependencies:
    ini "^1.3.4"
    proto-list "~1.2.1"

cross-spawn@^7.0.2, cross-spawn@^7.0.3:
  version "7.0.3"
  dependencies:
    path-key "^3.1.0"
    shebang-command "^2.0.0"
    which "^2.0.1"

css.escape@^1.5.1:
  version "1.5.1"

cssesc@^3.0.0:
  version "3.0.0"

cssstyle@^3.0.0:
  version "3.0.0"
  dependencies:
    rrweb-cssom "^0.6.0"

csstype@^3.1.1:
  version "3.1.2"

data-urls@^4.0.0:
  version "4.0.0"
  dependencies:
    abab "^2.0.6"
    whatwg-mimetype "^3.0.0"
    whatwg-url "^12.0.0"

debug@^4.1.1, debug@^4.3.2, debug@^4.3.4, debug@4:
  version "4.3.4"
  dependencies:
    ms "2.1.2"

decimal.js@^10.4.3:
  version "10.4.3"

deep-eql@^4.1.2:
  version "4.1.3"
  dependencies:
    type-detect "^4.0.0"

deep-is@^0.1.3:
  version "0.1.4"

default-browser-id@^3.0.0:
  version "3.0.0"
  dependencies:
    bplist-parser "^0.2.0"
    untildify "^4.0.0"

default-browser@^4.0.0:
  version "4.0.0"
  dependencies:
    bundle-name "^3.0.0"
    default-browser-id "^3.0.0"
    execa "^7.1.1"
    titleize "^3.0.0"

define-lazy-prop@^3.0.0:
  version "3.0.0"

delayed-stream@~1.0.0:
  version "1.0.0"

didyoumean@^1.2.2:
  version "1.2.2"

diff-sequences@^29.4.3:
  version "29.4.3"

dlv@^1.1.3:
  version "1.1.3"

doctrine@^3.0.0:
  version "3.0.0"
  dependencies:
    esutils "^2.0.2"

domexception@^4.0.0:
  version "4.0.0"
  dependencies:
    webidl-conversions "^7.0.0"

editorconfig@^1.0.3:
  version "1.0.4"
  dependencies:
    "@one-ini/wasm" "0.1.1"
    commander "^10.0.0"
    minimatch "9.0.1"
    semver "^7.5.3"

electron-to-chromium@^1.4.477:
  version "1.4.485"

entities@^4.4.0, entities@^4.5.0:
  version "4.5.0"

esbuild@^0.18.10:
  version "0.18.19"
  optionalDependencies:
    "@esbuild/android-arm" "0.18.19"
    "@esbuild/android-arm64" "0.18.19"
    "@esbuild/android-x64" "0.18.19"
    "@esbuild/darwin-arm64" "0.18.19"
    "@esbuild/darwin-x64" "0.18.19"
    "@esbuild/freebsd-arm64" "0.18.19"
    "@esbuild/freebsd-x64" "0.18.19"
    "@esbuild/linux-arm" "0.18.19"
    "@esbuild/linux-arm64" "0.18.19"
    "@esbuild/linux-ia32" "0.18.19"
    "@esbuild/linux-loong64" "0.18.19"
    "@esbuild/linux-mips64el" "0.18.19"
    "@esbuild/linux-ppc64" "0.18.19"
    "@esbuild/linux-riscv64" "0.18.19"
    "@esbuild/linux-s390x" "0.18.19"
    "@esbuild/linux-x64" "0.18.19"
    "@esbuild/netbsd-x64" "0.18.19"
    "@esbuild/openbsd-x64" "0.18.19"
    "@esbuild/sunos-x64" "0.18.19"
    "@esbuild/win32-arm64" "0.18.19"
    "@esbuild/win32-ia32" "0.18.19"
    "@esbuild/win32-x64" "0.18.19"

escalade@^3.1.1:
  version "3.1.1"

escape-string-regexp@^4.0.0:
  version "4.0.0"

eslint-config-prettier@^8.8.0:
  version "8.10.0"

eslint-plugin-prettier@^5.0.0:
  version "5.0.0"
  dependencies:
    prettier-linter-helpers "^1.0.0"
    synckit "^0.8.5"

eslint-plugin-vue@^9.16.1:
  version "9.16.1"
  dependencies:
    "@eslint-community/eslint-utils" "^4.4.0"
    natural-compare "^1.4.0"
    nth-check "^2.1.1"
    postcss-selector-parser "^6.0.13"
    semver "^7.5.4"
    vue-eslint-parser "^9.3.1"
    xml-name-validator "^4.0.0"

eslint-scope@^7.1.1, eslint-scope@^7.2.2:
  version "7.2.2"
  dependencies:
    esrecurse "^4.3.0"
    estraverse "^5.2.0"

eslint-visitor-keys@^3.3.0, eslint-visitor-keys@^3.4.1, eslint-visitor-keys@^3.4.2:
  version "3.4.2"

"eslint@^6.0.0 || ^7.0.0 || >=8.0.0", "eslint@^6.2.0 || ^7.0.0 || ^8.0.0", eslint@^8.46.0, "eslint@>= 8.0.0", eslint@>=6.0.0, eslint@>=7.0.0, eslint@>=8.0.0:
  version "8.46.0"
  dependencies:
    "@eslint-community/eslint-utils" "^4.2.0"
    "@eslint-community/regexpp" "^4.6.1"
    "@eslint/eslintrc" "^2.1.1"
    "@eslint/js" "^8.46.0"
    "@humanwhocodes/config-array" "^0.11.10"
    "@humanwhocodes/module-importer" "^1.0.1"
    "@nodelib/fs.walk" "^1.2.8"
    ajv "^6.12.4"
    chalk "^4.0.0"
    cross-spawn "^7.0.2"
    debug "^4.3.2"
    doctrine "^3.0.0"
    escape-string-regexp "^4.0.0"
    eslint-scope "^7.2.2"
    eslint-visitor-keys "^3.4.2"
    espree "^9.6.1"
    esquery "^1.4.2"
    esutils "^2.0.2"
    fast-deep-equal "^3.1.3"
    file-entry-cache "^6.0.1"
    find-up "^5.0.0"
    glob-parent "^6.0.2"
    globals "^13.19.0"
    graphemer "^1.4.0"
    ignore "^5.2.0"
    imurmurhash "^0.1.4"
    is-glob "^4.0.0"
    is-path-inside "^3.0.3"
    js-yaml "^4.1.0"
    json-stable-stringify-without-jsonify "^1.0.1"
    levn "^0.4.1"
    lodash.merge "^4.6.2"
    minimatch "^3.1.2"
    natural-compare "^1.4.0"
    optionator "^0.9.3"
    strip-ansi "^6.0.1"
    text-table "^0.2.0"

espree@^9.3.1, espree@^9.6.0, espree@^9.6.1:
  version "9.6.1"
  dependencies:
    acorn "^8.9.0"
    acorn-jsx "^5.3.2"
    eslint-visitor-keys "^3.4.1"

esquery@^1.4.0, esquery@^1.4.2:
  version "1.5.0"
  dependencies:
    estraverse "^5.1.0"

esrecurse@^4.3.0:
  version "4.3.0"
  dependencies:
    estraverse "^5.2.0"

estraverse@^5.1.0, estraverse@^5.2.0:
  version "5.3.0"

estree-walker@^2.0.2:
  version "2.0.2"

esutils@^2.0.2:
  version "2.0.3"

execa@^5.0.0:
  version "5.1.1"
  dependencies:
    cross-spawn "^7.0.3"
    get-stream "^6.0.0"
    human-signals "^2.1.0"
    is-stream "^2.0.0"
    merge-stream "^2.0.0"
    npm-run-path "^4.0.1"
    onetime "^5.1.2"
    signal-exit "^3.0.3"
    strip-final-newline "^2.0.0"

execa@^7.1.1:
  version "7.2.0"
  dependencies:
    cross-spawn "^7.0.3"
    get-stream "^6.0.1"
    human-signals "^4.3.0"
    is-stream "^3.0.0"
    merge-stream "^2.0.0"
    npm-run-path "^5.1.0"
    onetime "^6.0.0"
    signal-exit "^3.0.7"
    strip-final-newline "^3.0.0"

fast-deep-equal@^3.1.1, fast-deep-equal@^3.1.3:
  version "3.1.3"

fast-diff@^1.1.2:
  version "1.3.0"

fast-glob@^3.2.12, fast-glob@^3.3.0:
  version "3.3.1"
  dependencies:
    "@nodelib/fs.stat" "^2.0.2"
    "@nodelib/fs.walk" "^1.2.3"
    glob-parent "^5.1.2"
    merge2 "^1.3.0"
    micromatch "^4.0.4"

fast-json-stable-stringify@^2.0.0:
  version "2.1.0"

fast-levenshtein@^2.0.6:
  version "2.0.6"

fastq@^1.6.0:
  version "1.15.0"
  dependencies:
    reusify "^1.0.4"

file-entry-cache@^6.0.1:
  version "6.0.1"
  dependencies:
    flat-cache "^3.0.4"

fill-range@^7.0.1:
  version "7.0.1"
  dependencies:
    to-regex-range "^5.0.1"

find-up@^5.0.0:
  version "5.0.0"
  dependencies:
    locate-path "^6.0.0"
    path-exists "^4.0.0"

fitty@2.3.7:
  version "2.3.7"
  resolved "https://registry.npmjs.org/fitty/-/fitty-2.3.7.tgz"
  integrity sha512-yucQBzDD8sRa8EXfHu4/h9vNDFHUXpYtC+nydtBRfLSjzToCEvacy4qiBJyihgUVrqpXB+Kp5kWCbROSrePd2g==

flat-cache@^3.0.4:
  version "3.0.4"
  dependencies:
    flatted "^3.1.0"
    rimraf "^3.0.2"

flatted@^3.1.0:
  version "3.2.7"

follow-redirects@^1.15.0:
  version "1.15.2"

form-data@^4.0.0:
  version "4.0.0"
  dependencies:
    asynckit "^0.4.0"
    combined-stream "^1.0.8"
    mime-types "^2.1.12"

fraction.js@^4.2.0:
  version "4.2.0"

fs.realpath@^1.0.0:
  version "1.0.0"

fsevents@~2.3.2:
  version "2.3.2"

function-bind@^1.1.1:
  version "1.1.1"

get-func-name@^2.0.0:
  version "2.0.0"

get-stream@^6.0.0, get-stream@^6.0.1:
  version "6.0.1"

glob-parent@^5.1.2:
  version "5.1.2"
  dependencies:
    is-glob "^4.0.1"

glob-parent@^6.0.2:
  version "6.0.2"
  dependencies:
    is-glob "^4.0.3"

glob-parent@~5.1.2:
  version "5.1.2"
  dependencies:
    is-glob "^4.0.1"

glob@^7.1.3:
  version "7.2.3"
  dependencies:
    fs.realpath "^1.0.0"
    inflight "^1.0.4"
    inherits "2"
    minimatch "^3.1.1"
    once "^1.3.0"
    path-is-absolute "^1.0.0"

glob@^8.1.0:
  version "8.1.0"
  dependencies:
    fs.realpath "^1.0.0"
    inflight "^1.0.4"
    inherits "2"
    minimatch "^5.0.1"
    once "^1.3.0"

glob@7.1.6:
  version "7.1.6"
  dependencies:
    fs.realpath "^1.0.0"
    inflight "^1.0.4"
    inherits "2"
    minimatch "^3.0.4"
    once "^1.3.0"
    path-is-absolute "^1.0.0"

globals@^13.19.0:
  version "13.20.0"
  dependencies:
    type-fest "^0.20.2"

graphemer@^1.4.0:
  version "1.4.0"

happy-dom@*, happy-dom@^10.8.0:
  version "10.8.0"
  dependencies:
    css.escape "^1.5.1"
    entities "^4.5.0"
    iconv-lite "^0.6.3"
    webidl-conversions "^7.0.0"
    whatwg-encoding "^2.0.0"
    whatwg-mimetype "^3.0.0"

has-flag@^4.0.0:
  version "4.0.0"

has@^1.0.3:
  version "1.0.3"
  dependencies:
    function-bind "^1.1.1"

html-encoding-sniffer@^3.0.0:
  version "3.0.0"
  dependencies:
    whatwg-encoding "^2.0.0"

http-proxy-agent@^5.0.0:
  version "5.0.0"
  dependencies:
    "@tootallnate/once" "2"
    agent-base "6"
    debug "4"

https-proxy-agent@^5.0.1:
  version "5.0.1"
  dependencies:
    agent-base "6"
    debug "4"

human-signals@^2.1.0:
  version "2.1.0"

human-signals@^4.3.0:
  version "4.3.1"

iconv-lite@^0.6.3, iconv-lite@0.6.3:
  version "0.6.3"
  dependencies:
    safer-buffer ">= 2.1.2 < 3.0.0"

ignore@^5.2.0:
  version "5.2.4"

import-fresh@^3.2.1:
  version "3.3.0"
  dependencies:
    parent-module "^1.0.0"
    resolve-from "^4.0.0"

imurmurhash@^0.1.4:
  version "0.1.4"

inflight@^1.0.4:
  version "1.0.6"
  dependencies:
    once "^1.3.0"
    wrappy "1"

inherits@2:
  version "2.0.4"

ini@^1.3.4:
  version "1.3.8"

is-binary-path@~2.1.0:
  version "2.1.0"
  dependencies:
    binary-extensions "^2.0.0"

is-core-module@^2.13.0:
  version "2.13.0"
  dependencies:
    has "^1.0.3"

is-docker@^2.0.0:
  version "2.2.1"

is-docker@^3.0.0:
  version "3.0.0"

is-extglob@^2.1.1:
  version "2.1.1"

is-glob@^4.0.0, is-glob@^4.0.1, is-glob@^4.0.3, is-glob@~4.0.1:
  version "4.0.3"
  dependencies:
    is-extglob "^2.1.1"

is-inside-container@^1.0.0:
  version "1.0.0"
  dependencies:
    is-docker "^3.0.0"

is-number@^7.0.0:
  version "7.0.0"

is-path-inside@^3.0.3:
  version "3.0.3"

is-potential-custom-element-name@^1.0.1:
  version "1.0.1"

is-stream@^2.0.0:
  version "2.0.1"

is-stream@^3.0.0:
  version "3.0.0"

is-wsl@^2.2.0:
  version "2.2.0"
  dependencies:
    is-docker "^2.0.0"

isexe@^2.0.0:
  version "2.0.0"

jiti@^1.18.2:
  version "1.19.1"

js-beautify@1.14.9:
  version "1.14.9"
  dependencies:
    config-chain "^1.1.13"
    editorconfig "^1.0.3"
    glob "^8.1.0"
    nopt "^6.0.0"

js-yaml@^4.1.0:
  version "4.1.0"
  dependencies:
    argparse "^2.0.1"

jsdom@*, jsdom@^22.1.0:
  version "22.1.0"
  dependencies:
    abab "^2.0.6"
    cssstyle "^3.0.0"
    data-urls "^4.0.0"
    decimal.js "^10.4.3"
    domexception "^4.0.0"
    form-data "^4.0.0"
    html-encoding-sniffer "^3.0.0"
    http-proxy-agent "^5.0.0"
    https-proxy-agent "^5.0.1"
    is-potential-custom-element-name "^1.0.1"
    nwsapi "^2.2.4"
    parse5 "^7.1.2"
    rrweb-cssom "^0.6.0"
    saxes "^6.0.0"
    symbol-tree "^3.2.4"
    tough-cookie "^4.1.2"
    w3c-xmlserializer "^4.0.0"
    webidl-conversions "^7.0.0"
    whatwg-encoding "^2.0.0"
    whatwg-mimetype "^3.0.0"
    whatwg-url "^12.0.1"
    ws "^8.13.0"
    xml-name-validator "^4.0.0"

json-schema-traverse@^0.4.1:
  version "0.4.1"

json-stable-stringify-without-jsonify@^1.0.1:
  version "1.0.1"

jsonc-parser@^3.2.0:
  version "3.2.0"

levn@^0.4.1:
  version "0.4.1"
  dependencies:
    prelude-ls "^1.2.1"
    type-check "~0.4.0"

lilconfig@^2.0.5, lilconfig@^2.1.0:
  version "2.1.0"

lines-and-columns@^1.1.6:
  version "1.2.4"

local-pkg@^0.4.3:
  version "0.4.3"

locate-path@^6.0.0:
  version "6.0.0"
  dependencies:
    p-locate "^5.0.0"

lodash.castarray@^4.4.0:
  version "4.4.0"

lodash.isplainobject@^4.0.6:
  version "4.0.6"

lodash.merge@^4.6.2:
  version "4.6.2"

lodash@^4.17.21:
  version "4.17.21"

loupe@^2.3.1, loupe@^2.3.6:
  version "2.3.6"
  dependencies:
    get-func-name "^2.0.0"

lru-cache@^6.0.0:
  version "6.0.0"
  dependencies:
    yallist "^4.0.0"

magic-string@^0.30.0, magic-string@^0.30.1:
  version "0.30.2"
  dependencies:
    "@jridgewell/sourcemap-codec" "^1.4.15"

merge-stream@^2.0.0:
  version "2.0.0"

merge2@^1.3.0:
  version "1.4.1"

micromatch@^4.0.4, micromatch@^4.0.5:
  version "4.0.5"
  dependencies:
    braces "^3.0.2"
    picomatch "^2.3.1"

mime-db@1.52.0:
  version "1.52.0"

mime-types@^2.1.12:
  version "2.1.35"
  dependencies:
    mime-db "1.52.0"

mimic-fn@^2.1.0:
  version "2.1.0"

mimic-fn@^4.0.0:
  version "4.0.0"

mini-svg-data-uri@^1.2.3:
  version "1.4.4"

minimatch@^3.0.4, minimatch@^3.0.5, minimatch@^3.1.1, minimatch@^3.1.2:
  version "3.1.2"
  dependencies:
    brace-expansion "^1.1.7"

minimatch@^5.0.1:
  version "5.1.6"
  dependencies:
    brace-expansion "^2.0.1"

minimatch@9.0.1:
  version "9.0.1"
  dependencies:
    brace-expansion "^2.0.1"

mlly@^1.2.0, mlly@^1.4.0:
  version "1.4.0"
  dependencies:
    acorn "^8.9.0"
    pathe "^1.1.1"
    pkg-types "^1.0.3"
    ufo "^1.1.2"

ms@2.1.2:
  version "2.1.2"

mz@^2.7.0:
  version "2.7.0"
  dependencies:
    any-promise "^1.0.0"
    object-assign "^4.0.1"
    thenify-all "^1.0.0"

nanoid@^3.3.6:
  version "3.3.6"

natural-compare@^1.4.0:
  version "1.4.0"

node-releases@^2.0.13:
  version "2.0.13"

nopt@^6.0.0:
  version "6.0.0"
  dependencies:
    abbrev "^1.0.0"

normalize-path@^3.0.0, normalize-path@~3.0.0:
  version "3.0.0"

normalize-range@^0.1.2:
  version "0.1.2"

npm-run-path@^4.0.1:
  version "4.0.1"
  dependencies:
    path-key "^3.0.0"

npm-run-path@^5.1.0:
  version "5.1.0"
  dependencies:
    path-key "^4.0.0"

nth-check@^2.1.1:
  version "2.1.1"
  dependencies:
    boolbase "^1.0.0"

nwsapi@^2.2.4:
  version "2.2.7"

object-assign@^4.0.1:
  version "4.1.1"

object-hash@^3.0.0:
  version "3.0.0"

once@^1.3.0:
  version "1.4.0"
  dependencies:
    wrappy "1"

onetime@^5.1.2:
  version "5.1.2"
  dependencies:
    mimic-fn "^2.1.0"

onetime@^6.0.0:
  version "6.0.0"
  dependencies:
    mimic-fn "^4.0.0"

open@^9.1.0:
  version "9.1.0"
  dependencies:
    default-browser "^4.0.0"
    define-lazy-prop "^3.0.0"
    is-inside-container "^1.0.0"
    is-wsl "^2.2.0"

optionator@^0.9.3:
  version "0.9.3"
  dependencies:
    "@aashutoshrathi/word-wrap" "^1.2.3"
    deep-is "^0.1.3"
    fast-levenshtein "^2.0.6"
    levn "^0.4.1"
    prelude-ls "^1.2.1"
    type-check "^0.4.0"

p-limit@^3.0.2:
  version "3.1.0"
  dependencies:
    yocto-queue "^0.1.0"

p-limit@^4.0.0:
  version "4.0.0"
  dependencies:
    yocto-queue "^1.0.0"

p-locate@^5.0.0:
  version "5.0.0"
  dependencies:
    p-limit "^3.0.2"

parent-module@^1.0.0:
  version "1.0.1"
  dependencies:
    callsites "^3.0.0"

parse5@^7.1.2:
  version "7.1.2"
  dependencies:
    entities "^4.4.0"

path-exists@^4.0.0:
  version "4.0.0"

path-is-absolute@^1.0.0:
  version "1.0.1"

path-key@^3.0.0, path-key@^3.1.0:
  version "3.1.1"

path-key@^4.0.0:
  version "4.0.0"

path-parse@^1.0.7:
  version "1.0.7"

pathe@^1.1.0, pathe@^1.1.1:
  version "1.1.1"

pathval@^1.1.1:
  version "1.1.1"

picocolors@^1.0.0:
  version "1.0.0"

picomatch@^2.0.4, picomatch@^2.2.1, picomatch@^2.3.1:
  version "2.3.1"

pify@^2.3.0:
  version "2.3.0"

pirates@^4.0.1:
  version "4.0.6"

pkg-types@^1.0.3:
  version "1.0.3"
  dependencies:
    jsonc-parser "^3.2.0"
    mlly "^1.2.0"
    pathe "^1.1.0"

postcss-import@^15.1.0:
  version "15.1.0"
  dependencies:
    postcss-value-parser "^4.0.0"
    read-cache "^1.0.0"
    resolve "^1.1.7"

postcss-js@^4.0.1:
  version "4.0.1"
  dependencies:
    camelcase-css "^2.0.1"

postcss-load-config@^4.0.1:
  version "4.0.1"
  dependencies:
    lilconfig "^2.0.5"
    yaml "^2.1.1"

postcss-nested@^6.0.1:
  version "6.0.1"
  dependencies:
    postcss-selector-parser "^6.0.11"

postcss-selector-parser@^6.0.11, postcss-selector-parser@^6.0.13:
  version "6.0.13"
  dependencies:
    cssesc "^3.0.0"
    util-deprecate "^1.0.2"

postcss-selector-parser@6.0.10:
  version "6.0.10"
  dependencies:
    cssesc "^3.0.0"
    util-deprecate "^1.0.2"

postcss-value-parser@^4.0.0, postcss-value-parser@^4.2.0:
  version "4.2.0"

postcss@^8.0.0, postcss@^8.1.0, postcss@^8.1.10, postcss@^8.2.14, postcss@^8.4.21, postcss@^8.4.23, postcss@^8.4.27, postcss@>=8.0.9:
  version "8.4.27"
  dependencies:
    nanoid "^3.3.6"
    picocolors "^1.0.0"
    source-map-js "^1.0.2"

prelude-ls@^1.2.1:
  version "1.2.1"

prettier-linter-helpers@^1.0.0:
  version "1.0.0"
  dependencies:
    fast-diff "^1.1.2"

prettier@^3.0.1, "prettier@>= 3.0.0", prettier@>=3.0.0:
  version "3.0.1"

pretty-format@^29.5.0:
  version "29.6.2"
  dependencies:
    "@jest/schemas" "^29.6.0"
    ansi-styles "^5.0.0"
    react-is "^18.0.0"

proto-list@~1.2.1:
  version "1.2.4"

proxy-from-env@^1.1.0:
  version "1.1.0"

psl@^1.1.33:
  version "1.9.0"

punycode@^2.1.0, punycode@^2.1.1, punycode@^2.3.0:
  version "2.3.0"

querystringify@^2.1.1:
  version "2.2.0"

queue-microtask@^1.2.2:
  version "1.2.3"

react-is@^18.0.0:
  version "18.2.0"

read-cache@^1.0.0:
  version "1.0.0"
  dependencies:
    pify "^2.3.0"

readdirp@~3.6.0:
  version "3.6.0"
  dependencies:
    picomatch "^2.2.1"

requires-port@^1.0.0:
  version "1.0.0"

resolve-from@^4.0.0:
  version "4.0.0"

resolve@^1.1.7, resolve@^1.22.2:
  version "1.22.4"
  dependencies:
    is-core-module "^2.13.0"
    path-parse "^1.0.7"
    supports-preserve-symlinks-flag "^1.0.0"

reusify@^1.0.4:
  version "1.0.4"

rimraf@^3.0.2:
  version "3.0.2"
  dependencies:
    glob "^7.1.3"

rollup@^3.27.1:
  version "3.27.2"
  optionalDependencies:
    fsevents "~2.3.2"

rrweb-cssom@^0.6.0:
  version "0.6.0"

run-applescript@^5.0.0:
  version "5.0.0"
  dependencies:
    execa "^5.0.0"

run-parallel@^1.1.9:
  version "1.2.0"
  dependencies:
    queue-microtask "^1.2.2"

"safer-buffer@>= 2.1.2 < 3.0.0":
  version "2.1.2"

saxes@^6.0.0:
  version "6.0.0"
  dependencies:
    xmlchars "^2.2.0"

semver@^7.3.6, semver@^7.5.3, semver@^7.5.4:
  version "7.5.4"
  dependencies:
    lru-cache "^6.0.0"

shebang-command@^2.0.0:
  version "2.0.0"
  dependencies:
    shebang-regex "^3.0.0"

shebang-regex@^3.0.0:
  version "3.0.0"

siginfo@^2.0.0:
  version "2.0.0"

signal-exit@^3.0.3, signal-exit@^3.0.7:
  version "3.0.7"

source-map-js@^1.0.2:
  version "1.0.2"

stackback@0.0.2:
  version "0.0.2"

std-env@^3.3.3:
  version "3.3.3"

strip-ansi@^6.0.1:
  version "6.0.1"
  dependencies:
    ansi-regex "^5.0.1"

strip-final-newline@^2.0.0:
  version "2.0.0"

strip-final-newline@^3.0.0:
  version "3.0.0"

strip-json-comments@^3.1.1:
  version "3.1.1"

strip-literal@^1.0.1:
  version "1.3.0"
  dependencies:
    acorn "^8.10.0"

sucrase@^3.32.0:
  version "3.34.0"
  dependencies:
    "@jridgewell/gen-mapping" "^0.3.2"
    commander "^4.0.0"
    glob "7.1.6"
    lines-and-columns "^1.1.6"
    mz "^2.7.0"
    pirates "^4.0.1"
    ts-interface-checker "^0.1.9"

supports-color@^7.1.0:
  version "7.2.0"
  dependencies:
    has-flag "^4.0.0"

supports-preserve-symlinks-flag@^1.0.0:
  version "1.0.0"

symbol-tree@^3.2.4:
  version "3.2.4"

synckit@^0.8.5:
  version "0.8.5"
  dependencies:
    "@pkgr/utils" "^2.3.1"
    tslib "^2.5.0"

tailwindcss@^3.3.3, "tailwindcss@>=3.0.0 || >= 3.0.0-alpha.1", "tailwindcss@>=3.0.0 || insiders":
  version "3.3.3"
  dependencies:
    "@alloc/quick-lru" "^5.2.0"
    arg "^5.0.2"
    chokidar "^3.5.3"
    didyoumean "^1.2.2"
    dlv "^1.1.3"
    fast-glob "^3.2.12"
    glob-parent "^6.0.2"
    is-glob "^4.0.3"
    jiti "^1.18.2"
    lilconfig "^2.1.0"
    micromatch "^4.0.5"
    normalize-path "^3.0.0"
    object-hash "^3.0.0"
    picocolors "^1.0.0"
    postcss "^8.4.23"
    postcss-import "^15.1.0"
    postcss-js "^4.0.1"
    postcss-load-config "^4.0.1"
    postcss-nested "^6.0.1"
    postcss-selector-parser "^6.0.11"
    resolve "^1.22.2"
    sucrase "^3.32.0"

text-table@^0.2.0:
  version "0.2.0"

thenify-all@^1.0.0:
  version "1.6.0"
  dependencies:
    thenify ">= 3.1.0 < 4"

"thenify@>= 3.1.0 < 4":
  version "3.3.1"
  dependencies:
    any-promise "^1.0.0"

tinybench@^2.5.0:
  version "2.5.0"

tinypool@^0.7.0:
  version "0.7.0"

tinyspy@^2.1.1:
  version "2.1.1"

titleize@^3.0.0:
  version "3.0.0"

to-regex-range@^5.0.1:
  version "5.0.1"
  dependencies:
    is-number "^7.0.0"

tough-cookie@^4.1.2:
  version "4.1.3"
  dependencies:
    psl "^1.1.33"
    punycode "^2.1.1"
    universalify "^0.2.0"
    url-parse "^1.5.3"

tr46@^4.1.1:
  version "4.1.1"
  dependencies:
    punycode "^2.3.0"

ts-interface-checker@^0.1.9:
  version "0.1.13"

tslib@^2.5.0, tslib@^2.6.0:
  version "2.6.1"

type-check@^0.4.0, type-check@~0.4.0:
  version "0.4.0"
  dependencies:
    prelude-ls "^1.2.1"

type-detect@^4.0.0, type-detect@^4.0.5:
  version "4.0.8"

type-fest@^0.20.2:
  version "0.20.2"

ufo@^1.1.2:
  version "1.2.0"

universalify@^0.2.0:
  version "0.2.0"

untildify@^4.0.0:
  version "4.0.0"

update-browserslist-db@^1.0.11:
  version "1.0.11"
  dependencies:
    escalade "^3.1.1"
    picocolors "^1.0.0"

uri-js@^4.2.2:
  version "4.4.1"
  dependencies:
    punycode "^2.1.0"

url-parse@^1.5.3:
  version "1.5.10"
  dependencies:
    querystringify "^2.1.1"
    requires-port "^1.0.0"

util-deprecate@^1.0.2:
  version "1.0.2"

vite-node@0.34.1:
  version "0.34.1"
  dependencies:
    cac "^6.7.14"
    debug "^4.3.4"
    mlly "^1.4.0"
    pathe "^1.1.1"
    picocolors "^1.0.0"
    vite "^3.0.0 || ^4.0.0"

"vite@^3.0.0 || ^4.0.0", vite@^4.0.0, vite@^4.4.9:
  version "4.4.9"
  dependencies:
    esbuild "^0.18.10"
    postcss "^8.4.27"
    rollup "^3.27.1"
  optionalDependencies:
    fsevents "~2.3.2"

vitest@^0.34.1:
  version "0.34.1"
  dependencies:
    "@types/chai" "^4.3.5"
    "@types/chai-subset" "^1.3.3"
    "@types/node" "*"
    "@vitest/expect" "0.34.1"
    "@vitest/runner" "0.34.1"
    "@vitest/snapshot" "0.34.1"
    "@vitest/spy" "0.34.1"
    "@vitest/utils" "0.34.1"
    acorn "^8.9.0"
    acorn-walk "^8.2.0"
    cac "^6.7.14"
    chai "^4.3.7"
    debug "^4.3.4"
    local-pkg "^0.4.3"
    magic-string "^0.30.1"
    pathe "^1.1.1"
    picocolors "^1.0.0"
    std-env "^3.3.3"
    strip-literal "^1.0.1"
    tinybench "^2.5.0"
    tinypool "^0.7.0"
    vite "^3.0.0 || ^4.0.0"
    vite-node "0.34.1"
    why-is-node-running "^2.2.2"

vue-component-type-helpers@1.8.4:
  version "1.8.4"

vue-demi@>=0.14.6:
  version "0.14.6"
  resolved "https://registry.npmjs.org/vue-demi/-/vue-demi-0.14.6.tgz"
  integrity sha512-8QA7wrYSHKaYgUxDA5ZC24w+eHm3sYCbp0EzcDwKqN3p6HqtTCGR/GVsPyZW92unff4UlcSh++lmqDWN3ZIq4w==

vue-eslint-parser@^9.3.1:
  version "9.3.1"
  dependencies:
    debug "^4.3.4"
    eslint-scope "^7.1.1"
    eslint-visitor-keys "^3.3.0"
    espree "^9.3.1"
    esquery "^1.4.0"
    lodash "^4.17.21"
    semver "^7.3.6"

"vue@^3.0.0-0 || ^2.6.0", vue@^3.0.1, vue@^3.2.25, vue@^3.3.4, "vue@>= 3", vue@3.3.4:
  version "3.3.4"
  dependencies:
    "@vue/compiler-dom" "3.3.4"
    "@vue/compiler-sfc" "3.3.4"
    "@vue/runtime-dom" "3.3.4"
    "@vue/server-renderer" "3.3.4"
    "@vue/shared" "3.3.4"

w3c-xmlserializer@^4.0.0:
  version "4.0.0"
  dependencies:
    xml-name-validator "^4.0.0"

webidl-conversions@^7.0.0:
  version "7.0.0"

whatwg-encoding@^2.0.0:
  version "2.0.0"
  dependencies:
    iconv-lite "0.6.3"

whatwg-mimetype@^3.0.0:
  version "3.0.0"

whatwg-url@^12.0.0, whatwg-url@^12.0.1:
  version "12.0.1"
  dependencies:
    tr46 "^4.1.1"
    webidl-conversions "^7.0.0"

which@^2.0.1:
  version "2.0.2"
  dependencies:
    isexe "^2.0.0"

why-is-node-running@^2.2.2:
  version "2.2.2"
  dependencies:
    siginfo "^2.0.0"
    stackback "0.0.2"

wrappy@1:
  version "1.0.2"

ws@^8.13.0:
  version "8.13.0"

xml-name-validator@^4.0.0:
  version "4.0.0"

xmlchars@^2.2.0:
  version "2.2.0"

yallist@^4.0.0:
  version "4.0.0"

yaml@^2.1.1:
  version "2.3.1"

yocto-queue@^0.1.0:
  version "0.1.0"

yocto-queue@^1.0.0:
  version "1.0.0"
